// !$*UTF8*$!
{
	archiveVersion = 1;
	classes = {
	};
	objectVersion = 56;
	objects = {

/* Begin PBXBuildFile section */
		A50765DA29A6446A00E4AE8A /* GoogleService-Info.plist in Resources */ = {isa = PBXBuildFile; fileRef = A50765D929A6446A00E4AE8A /* GoogleService-Info.plist */; };
		A536E24329A6327B005A3ABE /* FirebaseBinaries in Frameworks */ = {isa = PBXBuildFile; productRef = A536E24229A6327B005A3ABE /* FirebaseBinaries */; };
		A536E24729A63545005A3ABE /* libc++.tbd in Frameworks */ = {isa = PBXBuildFile; fileRef = A536E24629A6343E005A3ABE /* libc++.tbd */; };
		A536F42F29799622007380E3 /* ResolverRegistering.swift in Sources */ = {isa = PBXBuildFile; fileRef = A536F42E29799622007380E3 /* ResolverRegistering.swift */; };
		A536F434297B5894007380E3 /* UIAppDelegate.swift in Sources */ = {isa = PBXBuildFile; fileRef = A536F433297B5894007380E3 /* UIAppDelegate.swift */; };
		A536F437297B5A1E007380E3 /* NSAppDelegate.swift in Sources */ = {isa = PBXBuildFile; fileRef = A536F436297B5A1E007380E3 /* NSAppDelegate.swift */; };
		A53957E729B1E47100C273A8 /* AppView.swift in Sources */ = {isa = PBXBuildFile; fileRef = A53957E629B1E47100C273A8 /* AppView.swift */; };
		A588029F29D81DD200EA9EE5 /* LaunchScreen.storyboard in Resources */ = {isa = PBXBuildFile; fileRef = A588029E29D81DD200EA9EE5 /* LaunchScreen.storyboard */; };
		A5A144972974BAF4006561A8 /* CounterApp.swift in Sources */ = {isa = PBXBuildFile; fileRef = A5A144962974BAF4006561A8 /* CounterApp.swift */; };
		A5A1449B2974BAF6006561A8 /* Assets.xcassets in Resources */ = {isa = PBXBuildFile; fileRef = A5A1449A2974BAF6006561A8 /* Assets.xcassets */; };
		A5A1449F2974BAF6006561A8 /* Preview Assets.xcassets in Resources */ = {isa = PBXBuildFile; fileRef = A5A1449E2974BAF6006561A8 /* Preview Assets.xcassets */; };
		A5C591702975E6CB00D422B6 /* CounterMLKit in Frameworks */ = {isa = PBXBuildFile; productRef = A5C5916F2975E6CB00D422B6 /* CounterMLKit */; };
/* End PBXBuildFile section */

/* Begin PBXCopyFilesBuildPhase section */
		A5A7263C29AD683100342177 /* Embed ExtensionKit Extensions */ = {
			isa = PBXCopyFilesBuildPhase;
			buildActionMask = 2147483647;
			dstPath = "$(EXTENSIONS_FOLDER_PATH)";
			dstSubfolderSpec = 16;
			files = (
			);
			name = "Embed ExtensionKit Extensions";
			runOnlyForDeploymentPostprocessing = 0;
		};
/* End PBXCopyFilesBuildPhase section */

/* Begin PBXFileReference section */
		A50765D929A6446A00E4AE8A /* GoogleService-Info.plist */ = {isa = PBXFileReference; fileEncoding = 4; lastKnownFileType = text.plist.xml; path = "GoogleService-Info.plist"; sourceTree = "<group>"; };
		A536E24129A63272005A3ABE /* FirebaseBinaries */ = {isa = PBXFileReference; lastKnownFileType = wrapper; path = FirebaseBinaries; sourceTree = "<group>"; };
		A536E24629A6343E005A3ABE /* libc++.tbd */ = {isa = PBXFileReference; lastKnownFileType = "sourcecode.text-based-dylib-definition"; name = "libc++.tbd"; path = "Platforms/iPhoneOS.platform/Developer/SDKs/iPhoneOS16.2.sdk/usr/lib/libc++.tbd"; sourceTree = DEVELOPER_DIR; };
		A536F42E29799622007380E3 /* ResolverRegistering.swift */ = {isa = PBXFileReference; lastKnownFileType = sourcecode.swift; path = ResolverRegistering.swift; sourceTree = "<group>"; };
		A536F432297B3B94007380E3 /* Info.plist */ = {isa = PBXFileReference; lastKnownFileType = text.plist; path = Info.plist; sourceTree = "<group>"; };
		A536F433297B5894007380E3 /* UIAppDelegate.swift */ = {isa = PBXFileReference; lastKnownFileType = sourcecode.swift; path = UIAppDelegate.swift; sourceTree = "<group>"; };
		A536F436297B5A1E007380E3 /* NSAppDelegate.swift */ = {isa = PBXFileReference; lastKnownFileType = sourcecode.swift; path = NSAppDelegate.swift; sourceTree = "<group>"; };
		A53957E629B1E47100C273A8 /* AppView.swift */ = {isa = PBXFileReference; lastKnownFileType = sourcecode.swift; path = AppView.swift; sourceTree = "<group>"; };
		A588029E29D81DD200EA9EE5 /* LaunchScreen.storyboard */ = {isa = PBXFileReference; lastKnownFileType = file.storyboard; path = LaunchScreen.storyboard; sourceTree = "<group>"; };
		A5A144932974BAF4006561A8 /* CounterML-iOS.app */ = {isa = PBXFileReference; explicitFileType = wrapper.application; includeInIndex = 0; path = "CounterML-iOS.app"; sourceTree = BUILT_PRODUCTS_DIR; };
		A5A144962974BAF4006561A8 /* CounterApp.swift */ = {isa = PBXFileReference; lastKnownFileType = sourcecode.swift; path = CounterApp.swift; sourceTree = "<group>"; };
		A5A1449A2974BAF6006561A8 /* Assets.xcassets */ = {isa = PBXFileReference; lastKnownFileType = folder.assetcatalog; path = Assets.xcassets; sourceTree = "<group>"; };
		A5A1449C2974BAF6006561A8 /* CounterML_iOS.entitlements */ = {isa = PBXFileReference; lastKnownFileType = text.plist.entitlements; path = CounterML_iOS.entitlements; sourceTree = "<group>"; };
		A5A1449E2974BAF6006561A8 /* Preview Assets.xcassets */ = {isa = PBXFileReference; lastKnownFileType = folder.assetcatalog; path = "Preview Assets.xcassets"; sourceTree = "<group>"; };
		A5C5916D2975E6BD00D422B6 /* CounterMLKit */ = {isa = PBXFileReference; lastKnownFileType = wrapper; path = CounterMLKit; sourceTree = "<group>"; };
/* End PBXFileReference section */

/* Begin PBXFrameworksBuildPhase section */
		A5A144902974BAF4006561A8 /* Frameworks */ = {
			isa = PBXFrameworksBuildPhase;
			buildActionMask = 2147483647;
			files = (
				A536E24729A63545005A3ABE /* libc++.tbd in Frameworks */,
				A536E24329A6327B005A3ABE /* FirebaseBinaries in Frameworks */,
				A5C591702975E6CB00D422B6 /* CounterMLKit in Frameworks */,
			);
			runOnlyForDeploymentPostprocessing = 0;
		};
/* End PBXFrameworksBuildPhase section */

/* Begin PBXGroup section */
		A52481EC29B21AEB00B7FEF2 /* App */ = {
			isa = PBXGroup;
			children = (
				A53957E629B1E47100C273A8 /* AppView.swift */,
				A5A144962974BAF4006561A8 /* CounterApp.swift */,
			);
			path = App;
			sourceTree = "<group>";
		};
		A536F4312979EC18007380E3 /* Resources */ = {
			isa = PBXGroup;
			children = (
				A588029E29D81DD200EA9EE5 /* LaunchScreen.storyboard */,
				A50765D929A6446A00E4AE8A /* GoogleService-Info.plist */,
				A5A1449A2974BAF6006561A8 /* Assets.xcassets */,
				A536F42E29799622007380E3 /* ResolverRegistering.swift */,
			);
			path = Resources;
			sourceTree = "<group>";
		};
		A536F435297B5A0C007380E3 /* Lifecycle */ = {
			isa = PBXGroup;
			children = (
				A536F433297B5894007380E3 /* UIAppDelegate.swift */,
				A536F436297B5A1E007380E3 /* NSAppDelegate.swift */,
			);
			path = Lifecycle;
			sourceTree = "<group>";
		};
		A5A1448A2974BAF4006561A8 = {
			isa = PBXGroup;
			children = (
				A536E24129A63272005A3ABE /* FirebaseBinaries */,
				A5C5916D2975E6BD00D422B6 /* CounterMLKit */,
				A5A144952974BAF4006561A8 /* CounterML-iOS */,
				A5A144942974BAF4006561A8 /* Products */,
				A5C5916E2975E6CB00D422B6 /* Frameworks */,
			);
			sourceTree = "<group>";
		};
		A5A144942974BAF4006561A8 /* Products */ = {
			isa = PBXGroup;
			children = (
				A5A144932974BAF4006561A8 /* CounterML-iOS.app */,
			);
			name = Products;
			sourceTree = "<group>";
		};
		A5A144952974BAF4006561A8 /* CounterML-iOS */ = {
			isa = PBXGroup;
			children = (
				A5A1449C2974BAF6006561A8 /* CounterML_iOS.entitlements */,
				A536F432297B3B94007380E3 /* Info.plist */,
				A52481EC29B21AEB00B7FEF2 /* App */,
				A536F435297B5A0C007380E3 /* Lifecycle */,
				A5A1449D2974BAF6006561A8 /* Preview Content */,
				A536F4312979EC18007380E3 /* Resources */,
			);
			path = "CounterML-iOS";
			sourceTree = "<group>";
		};
		A5A1449D2974BAF6006561A8 /* Preview Content */ = {
			isa = PBXGroup;
			children = (
				A5A1449E2974BAF6006561A8 /* Preview Assets.xcassets */,
			);
			path = "Preview Content";
			sourceTree = "<group>";
		};
		A5C5916E2975E6CB00D422B6 /* Frameworks */ = {
			isa = PBXGroup;
			children = (
				A536E24629A6343E005A3ABE /* libc++.tbd */,
			);
			name = Frameworks;
			sourceTree = "<group>";
		};
/* End PBXGroup section */

/* Begin PBXNativeTarget section */
		A5A144922974BAF4006561A8 /* CounterML-iOS */ = {
			isa = PBXNativeTarget;
			buildConfigurationList = A5A144A22974BAF6006561A8 /* Build configuration list for PBXNativeTarget "CounterML-iOS" */;
			buildPhases = (
				A5A1448F2974BAF4006561A8 /* Sources */,
				A5A144902974BAF4006561A8 /* Frameworks */,
				A5A144912974BAF4006561A8 /* Resources */,
				A5A7263C29AD683100342177 /* Embed ExtensionKit Extensions */,
			);
			buildRules = (
			);
			dependencies = (
			);
			name = "CounterML-iOS";
			packageProductDependencies = (
				A5C5916F2975E6CB00D422B6 /* CounterMLKit */,
				A536E24229A6327B005A3ABE /* FirebaseBinaries */,
			);
			productName = "CounterML-iOS";
			productReference = A5A144932974BAF4006561A8 /* CounterML-iOS.app */;
			productType = "com.apple.product-type.application";
		};
/* End PBXNativeTarget section */

/* Begin PBXProject section */
		A5A1448B2974BAF4006561A8 /* Project object */ = {
			isa = PBXProject;
			attributes = {
				BuildIndependentTargetsInParallel = 1;
				LastSwiftUpdateCheck = 1420;
				LastUpgradeCheck = 1420;
				TargetAttributes = {
					A5A144922974BAF4006561A8 = {
						CreatedOnToolsVersion = 14.2;
					};
				};
			};
			buildConfigurationList = A5A1448E2974BAF4006561A8 /* Build configuration list for PBXProject "CounterML-iOS" */;
			compatibilityVersion = "Xcode 14.0";
			developmentRegion = en;
			hasScannedForEncodings = 0;
			knownRegions = (
				en,
				Base,
			);
			mainGroup = A5A1448A2974BAF4006561A8;
			packageReferences = (
			);
			productRefGroup = A5A144942974BAF4006561A8 /* Products */;
			projectDirPath = "";
			projectRoot = "";
			targets = (
				A5A144922974BAF4006561A8 /* CounterML-iOS */,
			);
		};
/* End PBXProject section */

/* Begin PBXResourcesBuildPhase section */
		A5A144912974BAF4006561A8 /* Resources */ = {
			isa = PBXResourcesBuildPhase;
			buildActionMask = 2147483647;
			files = (
				A5A1449F2974BAF6006561A8 /* Preview Assets.xcassets in Resources */,
				A588029F29D81DD200EA9EE5 /* LaunchScreen.storyboard in Resources */,
				A5A1449B2974BAF6006561A8 /* Assets.xcassets in Resources */,
				A50765DA29A6446A00E4AE8A /* GoogleService-Info.plist in Resources */,
			);
			runOnlyForDeploymentPostprocessing = 0;
		};
/* End PBXResourcesBuildPhase section */

/* Begin PBXSourcesBuildPhase section */
		A5A1448F2974BAF4006561A8 /* Sources */ = {
			isa = PBXSourcesBuildPhase;
			buildActionMask = 2147483647;
			files = (
				A536F434297B5894007380E3 /* UIAppDelegate.swift in Sources */,
				A536F42F29799622007380E3 /* ResolverRegistering.swift in Sources */,
				A5A144972974BAF4006561A8 /* CounterApp.swift in Sources */,
				A53957E729B1E47100C273A8 /* AppView.swift in Sources */,
				A536F437297B5A1E007380E3 /* NSAppDelegate.swift in Sources */,
			);
			runOnlyForDeploymentPostprocessing = 0;
		};
/* End PBXSourcesBuildPhase section */

/* Begin XCBuildConfiguration section */
		A5A144A02974BAF6006561A8 /* Debug */ = {
			isa = XCBuildConfiguration;
			buildSettings = {
				ALWAYS_SEARCH_USER_PATHS = NO;
				CLANG_ANALYZER_NONNULL = YES;
				CLANG_ANALYZER_NUMBER_OBJECT_CONVERSION = YES_AGGRESSIVE;
				CLANG_CXX_LANGUAGE_STANDARD = "gnu++20";
				CLANG_ENABLE_MODULES = YES;
				CLANG_ENABLE_OBJC_ARC = YES;
				CLANG_ENABLE_OBJC_WEAK = YES;
				CLANG_WARN_BLOCK_CAPTURE_AUTORELEASING = YES;
				CLANG_WARN_BOOL_CONVERSION = YES;
				CLANG_WARN_COMMA = YES;
				CLANG_WARN_CONSTANT_CONVERSION = YES;
				CLANG_WARN_DEPRECATED_OBJC_IMPLEMENTATIONS = YES;
				CLANG_WARN_DIRECT_OBJC_ISA_USAGE = YES_ERROR;
				CLANG_WARN_DOCUMENTATION_COMMENTS = YES;
				CLANG_WARN_EMPTY_BODY = YES;
				CLANG_WARN_ENUM_CONVERSION = YES;
				CLANG_WARN_INFINITE_RECURSION = YES;
				CLANG_WARN_INT_CONVERSION = YES;
				CLANG_WARN_NON_LITERAL_NULL_CONVERSION = YES;
				CLANG_WARN_OBJC_IMPLICIT_RETAIN_SELF = YES;
				CLANG_WARN_OBJC_LITERAL_CONVERSION = YES;
				CLANG_WARN_OBJC_ROOT_CLASS = YES_ERROR;
				CLANG_WARN_QUOTED_INCLUDE_IN_FRAMEWORK_HEADER = YES;
				CLANG_WARN_RANGE_LOOP_ANALYSIS = YES;
				CLANG_WARN_STRICT_PROTOTYPES = YES;
				CLANG_WARN_SUSPICIOUS_MOVE = YES;
				CLANG_WARN_UNGUARDED_AVAILABILITY = YES_AGGRESSIVE;
				CLANG_WARN_UNREACHABLE_CODE = YES;
				CLANG_WARN__DUPLICATE_METHOD_MATCH = YES;
				COPY_PHASE_STRIP = NO;
				DEBUG_INFORMATION_FORMAT = dwarf;
				ENABLE_STRICT_OBJC_MSGSEND = YES;
				ENABLE_TESTABILITY = YES;
				GCC_C_LANGUAGE_STANDARD = gnu11;
				GCC_DYNAMIC_NO_PIC = NO;
				GCC_NO_COMMON_BLOCKS = YES;
				GCC_OPTIMIZATION_LEVEL = 0;
				GCC_PREPROCESSOR_DEFINITIONS = (
					"DEBUG=1",
					"$(inherited)",
				);
				GCC_WARN_64_TO_32_BIT_CONVERSION = YES;
				GCC_WARN_ABOUT_RETURN_TYPE = YES_ERROR;
				GCC_WARN_UNDECLARED_SELECTOR = YES;
				GCC_WARN_UNINITIALIZED_AUTOS = YES_AGGRESSIVE;
				GCC_WARN_UNUSED_FUNCTION = YES;
				GCC_WARN_UNUSED_VARIABLE = YES;
				MTL_ENABLE_DEBUG_INFO = INCLUDE_SOURCE;
				MTL_FAST_MATH = YES;
				ONLY_ACTIVE_ARCH = YES;
				SWIFT_ACTIVE_COMPILATION_CONDITIONS = DEBUG;
				SWIFT_OPTIMIZATION_LEVEL = "-Onone";
			};
			name = Debug;
		};
		A5A144A12974BAF6006561A8 /* Release */ = {
			isa = XCBuildConfiguration;
			buildSettings = {
				ALWAYS_SEARCH_USER_PATHS = NO;
				CLANG_ANALYZER_NONNULL = YES;
				CLANG_ANALYZER_NUMBER_OBJECT_CONVERSION = YES_AGGRESSIVE;
				CLANG_CXX_LANGUAGE_STANDARD = "gnu++20";
				CLANG_ENABLE_MODULES = YES;
				CLANG_ENABLE_OBJC_ARC = YES;
				CLANG_ENABLE_OBJC_WEAK = YES;
				CLANG_WARN_BLOCK_CAPTURE_AUTORELEASING = YES;
				CLANG_WARN_BOOL_CONVERSION = YES;
				CLANG_WARN_COMMA = YES;
				CLANG_WARN_CONSTANT_CONVERSION = YES;
				CLANG_WARN_DEPRECATED_OBJC_IMPLEMENTATIONS = YES;
				CLANG_WARN_DIRECT_OBJC_ISA_USAGE = YES_ERROR;
				CLANG_WARN_DOCUMENTATION_COMMENTS = YES;
				CLANG_WARN_EMPTY_BODY = YES;
				CLANG_WARN_ENUM_CONVERSION = YES;
				CLANG_WARN_INFINITE_RECURSION = YES;
				CLANG_WARN_INT_CONVERSION = YES;
				CLANG_WARN_NON_LITERAL_NULL_CONVERSION = YES;
				CLANG_WARN_OBJC_IMPLICIT_RETAIN_SELF = YES;
				CLANG_WARN_OBJC_LITERAL_CONVERSION = YES;
				CLANG_WARN_OBJC_ROOT_CLASS = YES_ERROR;
				CLANG_WARN_QUOTED_INCLUDE_IN_FRAMEWORK_HEADER = YES;
				CLANG_WARN_RANGE_LOOP_ANALYSIS = YES;
				CLANG_WARN_STRICT_PROTOTYPES = YES;
				CLANG_WARN_SUSPICIOUS_MOVE = YES;
				CLANG_WARN_UNGUARDED_AVAILABILITY = YES_AGGRESSIVE;
				CLANG_WARN_UNREACHABLE_CODE = YES;
				CLANG_WARN__DUPLICATE_METHOD_MATCH = YES;
				COPY_PHASE_STRIP = NO;
				DEBUG_INFORMATION_FORMAT = "dwarf-with-dsym";
				ENABLE_NS_ASSERTIONS = NO;
				ENABLE_STRICT_OBJC_MSGSEND = YES;
				GCC_C_LANGUAGE_STANDARD = gnu11;
				GCC_NO_COMMON_BLOCKS = YES;
				GCC_WARN_64_TO_32_BIT_CONVERSION = YES;
				GCC_WARN_ABOUT_RETURN_TYPE = YES_ERROR;
				GCC_WARN_UNDECLARED_SELECTOR = YES;
				GCC_WARN_UNINITIALIZED_AUTOS = YES_AGGRESSIVE;
				GCC_WARN_UNUSED_FUNCTION = YES;
				GCC_WARN_UNUSED_VARIABLE = YES;
				MTL_ENABLE_DEBUG_INFO = NO;
				MTL_FAST_MATH = YES;
				SWIFT_COMPILATION_MODE = wholemodule;
				SWIFT_OPTIMIZATION_LEVEL = "-O";
			};
			name = Release;
		};
		A5A144A32974BAF6006561A8 /* Debug */ = {
			isa = XCBuildConfiguration;
			buildSettings = {
				ALWAYS_EMBED_SWIFT_STANDARD_LIBRARIES = YES;
				ASSETCATALOG_COMPILER_APPICON_NAME = AppIcon;
				ASSETCATALOG_COMPILER_GLOBAL_ACCENT_COLOR_NAME = AccentColor;
				CODE_SIGN_ENTITLEMENTS = "CounterML-iOS/CounterML_iOS.entitlements";
				CODE_SIGN_STYLE = Automatic;
				CURRENT_PROJECT_VERSION = 1;
				DEVELOPMENT_ASSET_PATHS = "\"CounterML-iOS/Preview Content\"";
				DEVELOPMENT_TEAM = 6BU4S7J3BN;
				ENABLE_HARDENED_RUNTIME = YES;
				ENABLE_PREVIEWS = YES;
				GENERATE_INFOPLIST_FILE = YES;
				INFOPLIST_FILE = "CounterML-iOS/Info.plist";
				INFOPLIST_KEY_CFBundleDisplayName = Nutrition;
				INFOPLIST_KEY_LSApplicationCategoryType = "public.app-category.food-and-drink";
				INFOPLIST_KEY_NSCameraUsageDescription = "Take photos";
				"INFOPLIST_KEY_UIApplicationSceneManifest_Generation[sdk=iphoneos*]" = YES;
				"INFOPLIST_KEY_UIApplicationSceneManifest_Generation[sdk=iphonesimulator*]" = YES;
				"INFOPLIST_KEY_UIApplicationSupportsIndirectInputEvents[sdk=iphoneos*]" = YES;
				"INFOPLIST_KEY_UIApplicationSupportsIndirectInputEvents[sdk=iphonesimulator*]" = YES;
				"INFOPLIST_KEY_UILaunchScreen_Generation[sdk=iphoneos*]" = YES;
				"INFOPLIST_KEY_UILaunchScreen_Generation[sdk=iphonesimulator*]" = YES;
				INFOPLIST_KEY_UILaunchStoryboardName = LaunchScreen.storyboard;
				"INFOPLIST_KEY_UIStatusBarStyle[sdk=iphoneos*]" = UIStatusBarStyleDefault;
				"INFOPLIST_KEY_UIStatusBarStyle[sdk=iphonesimulator*]" = UIStatusBarStyleDefault;
				INFOPLIST_KEY_UISupportedInterfaceOrientations = UIInterfaceOrientationPortrait;
				INFOPLIST_KEY_UISupportedInterfaceOrientations_iPad = "UIInterfaceOrientationLandscapeLeft UIInterfaceOrientationLandscapeRight UIInterfaceOrientationPortrait UIInterfaceOrientationPortraitUpsideDown";
				IPHONEOS_DEPLOYMENT_TARGET = 16.0;
				LD_RUNPATH_SEARCH_PATHS = "@executable_path/Frameworks";
				"LD_RUNPATH_SEARCH_PATHS[sdk=macosx*]" = "@executable_path/../Frameworks";
				MACOSX_DEPLOYMENT_TARGET = 13.0;
				MARKETING_VERSION = 1.0;
				OTHER_LDFLAGS = "-ObjC";
				PRODUCT_BUNDLE_IDENTIFIER = "com.DaniilShmoylove.CounterML-iOS";
				PRODUCT_NAME = "$(TARGET_NAME)";
				SDKROOT = auto;
				SUPPORTED_PLATFORMS = "iphoneos iphonesimulator macosx";
				SWIFT_EMIT_LOC_STRINGS = YES;
				SWIFT_VERSION = 5.0;
				TARGETED_DEVICE_FAMILY = "1,2";
			};
			name = Debug;
		};
		A5A144A42974BAF6006561A8 /* Release */ = {
			isa = XCBuildConfiguration;
			buildSettings = {
				ALWAYS_EMBED_SWIFT_STANDARD_LIBRARIES = YES;
				ASSETCATALOG_COMPILER_APPICON_NAME = AppIcon;
				ASSETCATALOG_COMPILER_GLOBAL_ACCENT_COLOR_NAME = AccentColor;
				CODE_SIGN_ENTITLEMENTS = "CounterML-iOS/CounterML_iOS.entitlements";
				CODE_SIGN_STYLE = Automatic;
				CURRENT_PROJECT_VERSION = 1;
				DEVELOPMENT_ASSET_PATHS = "\"CounterML-iOS/Preview Content\"";
				DEVELOPMENT_TEAM = 6BU4S7J3BN;
				ENABLE_HARDENED_RUNTIME = YES;
				ENABLE_PREVIEWS = YES;
				GENERATE_INFOPLIST_FILE = YES;
				INFOPLIST_FILE = "CounterML-iOS/Info.plist";
				INFOPLIST_KEY_CFBundleDisplayName = Nutrition;
				INFOPLIST_KEY_LSApplicationCategoryType = "public.app-category.food-and-drink";
				INFOPLIST_KEY_NSCameraUsageDescription = "Take photos";
				"INFOPLIST_KEY_UIApplicationSceneManifest_Generation[sdk=iphoneos*]" = YES;
				"INFOPLIST_KEY_UIApplicationSceneManifest_Generation[sdk=iphonesimulator*]" = YES;
				"INFOPLIST_KEY_UIApplicationSupportsIndirectInputEvents[sdk=iphoneos*]" = YES;
				"INFOPLIST_KEY_UIApplicationSupportsIndirectInputEvents[sdk=iphonesimulator*]" = YES;
				"INFOPLIST_KEY_UILaunchScreen_Generation[sdk=iphoneos*]" = YES;
				"INFOPLIST_KEY_UILaunchScreen_Generation[sdk=iphonesimulator*]" = YES;
				INFOPLIST_KEY_UILaunchStoryboardName = LaunchScreen.storyboard;
				"INFOPLIST_KEY_UIStatusBarStyle[sdk=iphoneos*]" = UIStatusBarStyleDefault;
				"INFOPLIST_KEY_UIStatusBarStyle[sdk=iphonesimulator*]" = UIStatusBarStyleDefault;
				INFOPLIST_KEY_UISupportedInterfaceOrientations = UIInterfaceOrientationPortrait;
				INFOPLIST_KEY_UISupportedInterfaceOrientations_iPad = "UIInterfaceOrientationLandscapeLeft UIInterfaceOrientationLandscapeRight UIInterfaceOrientationPortrait UIInterfaceOrientationPortraitUpsideDown";
				IPHONEOS_DEPLOYMENT_TARGET = 16.0;
				LD_RUNPATH_SEARCH_PATHS = "@executable_path/Frameworks";
				"LD_RUNPATH_SEARCH_PATHS[sdk=macosx*]" = "@executable_path/../Frameworks";
				MACOSX_DEPLOYMENT_TARGET = 13.0;
				MARKETING_VERSION = 1.0;
				OTHER_LDFLAGS = "-ObjC";
				PRODUCT_BUNDLE_IDENTIFIER = "com.DaniilShmoylove.CounterML-iOS";
				PRODUCT_NAME = "$(TARGET_NAME)";
				SDKROOT = auto;
				SUPPORTED_PLATFORMS = "iphoneos iphonesimulator macosx";
				SWIFT_EMIT_LOC_STRINGS = YES;
				SWIFT_VERSION = 5.0;
				TARGETED_DEVICE_FAMILY = "1,2";
			};
			name = Release;
		};
/* End XCBuildConfiguration section */

/* Begin XCConfigurationList section */
		A5A1448E2974BAF4006561A8 /* Build configuration list for PBXProject "CounterML-iOS" */ = {
			isa = XCConfigurationList;
			buildConfigurations = (
				A5A144A02974BAF6006561A8 /* Debug */,
				A5A144A12974BAF6006561A8 /* Release */,
			);
			defaultConfigurationIsVisible = 0;
			defaultConfigurationName = Release;
		};
		A5A144A22974BAF6006561A8 /* Build configuration list for PBXNativeTarget "CounterML-iOS" */ = {
			isa = XCConfigurationList;
			buildConfigurations = (
				A5A144A32974BAF6006561A8 /* Debug */,
				A5A144A42974BAF6006561A8 /* Release */,
			);
			defaultConfigurationIsVisible = 0;
			defaultConfigurationName = Release;
		};
/* End XCConfigurationList section */

/* Begin XCSwiftPackageProductDependency section */
		A536E24229A6327B005A3ABE /* FirebaseBinaries */ = {
			isa = XCSwiftPackageProductDependency;
			productName = FirebaseBinaries;
		};
		A5C5916F2975E6CB00D422B6 /* CounterMLKit */ = {
			isa = XCSwiftPackageProductDependency;
			productName = CounterMLKit;
		};
/* End XCSwiftPackageProductDependency section */
	};
	rootObject = A5A1448B2974BAF4006561A8 /* Project object */;
}
